
Microsoft Visual Studio Solution File, Format Version 12.00
# Visual Studio Version 16
VisualStudioVersion = 16.0.30907.101
MinimumVisualStudioVersion = 10.0.40219.1
Project("{FAE04EC0-301F-11D3-BF4B-00C04F79EFBC}") = "AARAATOURS", "AARAATOURS\AARAATOURS.csproj", "{5C311170-360E-465F-AB69-0B9DDEA6CDB3}"
EndProject
Global
	GlobalSection(SolutionConfigurationPlatforms) = preSolution
		Debug|Any CPU = Debug|Any CPU
		Release|Any CPU = Release|Any CPU
	EndGlobalSection
	GlobalSection(ProjectConfigurationPlatforms) = postSolution
		{5C311170-360E-465F-AB69-0B9DDEA6CDB3}.Debug|Any CPU.ActiveCfg = Debug|Any CPU
		{5C311170-360E-465F-AB69-0B9DDEA6CDB3}.Debug|Any CPU.Build.0 = Debug|Any CPU
		{5C311170-360E-465F-AB69-0B9DDEA6CDB3}.Release|Any CPU.ActiveCfg = Release|Any CPU
		{5C311170-360E-465F-AB69-0B9DDEA6CDB3}.Release|Any CPU.Build.0 = Release|Any CPU
	EndGlobalSection
	GlobalSection(SolutionProperties) = preSolution
		HideSolutionNode = FALSE
	EndGlobalSection
	GlobalSection(ExtensibilityGlobals) = postSolution
		SolutionGuid = {068966FC-12A9-413E-B518-6DF6FEE3E37A}
	EndGlobalSection
EndGlobal
